
Microsoft Visual Studio Solution File, Format Version 12.00
# Visual Studio Version 16
VisualStudioVersion = 16.0.31624.102
MinimumVisualStudioVersion = 10.0.40219.1
Project("{FAE04EC0-301F-11D3-BF4B-00C04F79EFBC}") = "WebApplication1", "WebApplication1.csproj", "{C0F8C479-1F23-4F74-B0D8-169D09F2987C}"
EndProject
Global
	GlobalSection(SolutionConfigurationPlatforms) = preSolution
		Debug|Any CPU = Debug|Any CPU
		Release|Any CPU = Release|Any CPU
	EndGlobalSection
	GlobalSection(ProjectConfigurationPlatforms) = postSolution
		{C0F8C479-1F23-4F74-B0D8-169D09F2987C}.Debug|Any CPU.ActiveCfg = Debug|Any CPU
		{C0F8C479-1F23-4F74-B0D8-169D09F2987C}.Debug|Any CPU.Build.0 = Debug|Any CPU
		{C0F8C479-1F23-4F74-B0D8-169D09F2987C}.Release|Any CPU.ActiveCfg = Release|Any CPU
		{C0F8C479-1F23-4F74-B0D8-169D09F2987C}.Release|Any CPU.Build.0 = Release|Any CPU
	EndGlobalSection
	GlobalSection(SolutionProperties) = preSolution
		HideSolutionNode = FALSE
	EndGlobalSection
	GlobalSection(ExtensibilityGlobals) = postSolution
		SolutionGuid = {1A464E28-4893-415B-B0E7-29AF5238983C}
	EndGlobalSection
EndGlobal
